
Microsoft Visual Studio Solution File, Format Version 12.00
# Visual Studio Version 16
VisualStudioVersion = 16.0.28729.10
MinimumVisualStudioVersion = 10.0.40219.1
Project("{2150E333-8FDC-42A3-9474-1A3956D46DE8}") = "Shared", "Shared", "{0938270D-E9F0-489B-AF9E-5C5AD7C69897}"
EndProject
Project("{D954291E-2A0B-460D-934E-DC6B0785DB48}") = "HandyControl_Shared", "Shared\HandyControl_Shared\HandyControl_Shared.shproj", "{AAC11083-FACA-405D-9197-5C1212D65656}"
EndProject
Project("{D954291E-2A0B-460D-934E-DC6B0785DB48}") = "HandyControlDemo_Shared", "Shared\HandyControlDemo_Shared\HandyControlDemo_Shared.shproj", "{C4694269-C9B8-45D5-87F8-D0088C532510}"
EndProject
Project("{2150E333-8FDC-42A3-9474-1A3956D46DE8}") = "Core_GE30", "Core_GE30", "{B838C973-06F0-48A1-B259-A357AAF2D8D4}"
EndProject
Project("{9A19103F-16F7-4668-BE54-9A1E7A4F7556}") = "HandyControl_Core_GE30", "Core_GE30\HandyControl_Core_GE30\HandyControl_Core_GE30.csproj", "{BE4A567D-B6E0-413E-8F64-E1A53B4F9366}"
EndProject
Project("{9A19103F-16F7-4668-BE54-9A1E7A4F7556}") = "HandyControlDemo_Core_GE30", "Core_GE30\HandyControlDemo_Core_GE30\HandyControlDemo_Core_GE30.csproj", "{D7107690-8592-4F9F-9379-9B82C1C15D2A}"
EndProject
Project("{FAE04EC0-301F-11D3-BF4B-00C04F79EFBC}") = "HandyControlDemo_Code", "Shared\HandyControlDemo_Code\HandyControlDemo_Code.csproj", "{D8A4748C-0500-4F63-BC47-3506658C68F7}"
EndProject
Project("{9A19103F-16F7-4668-BE54-9A1E7A4F7556}") = "HC", "HC\HC.csproj", "{0753EE77-CBE9-48D4-B7C3-D7DB8DF9C0DA}"
EndProject
Project("{9A19103F-16F7-4668-BE54-9A1E7A4F7556}") = "HC.Demo", "HC.Demo\HC.Demo.csproj", "{1DC4102F-4E1F-4869-9253-EF6023BAA074}"
EndProject
Global
	GlobalSection(SharedMSBuildProjectFiles) = preSolution
		Shared\HandyControl_Shared\HandyControl_Shared.projitems*{aac11083-faca-405d-9197-5c1212d65656}*SharedItemsImports = 13
		Shared\HandyControl_Shared\HandyControl_Shared.projitems*{be4a567d-b6e0-413e-8f64-e1a53b4f9366}*SharedItemsImports = 5
		Shared\HandyControlDemo_Shared\HandyControlDemo_Shared.projitems*{c4694269-c9b8-45d5-87f8-d0088c532510}*SharedItemsImports = 13
		Shared\HandyControlDemo_Shared\HandyControlDemo_Shared.projitems*{d7107690-8592-4f9f-9379-9b82c1c15d2a}*SharedItemsImports = 5
	EndGlobalSection
	GlobalSection(SolutionConfigurationPlatforms) = preSolution
		Debug|Any CPU = Debug|Any CPU
		Debug-Core30|Any CPU = Debug-Core30|Any CPU
		Debug-Core31|Any CPU = Debug-Core31|Any CPU
		Debug-Net40|Any CPU = Debug-Net40|Any CPU
		Debug-Net45|Any CPU = Debug-Net45|Any CPU
		Debug-Net462|Any CPU = Debug-Net462|Any CPU
		Debug-Net47|Any CPU = Debug-Net47|Any CPU
		Debug-Net48|Any CPU = Debug-Net48|Any CPU
		Release|Any CPU = Release|Any CPU
		Release-Core30|Any CPU = Release-Core30|Any CPU
		Release-Core31|Any CPU = Release-Core31|Any CPU
		Release-Net40|Any CPU = Release-Net40|Any CPU
		Release-Net45|Any CPU = Release-Net45|Any CPU
		Release-Net462|Any CPU = Release-Net462|Any CPU
		Release-Net47|Any CPU = Release-Net47|Any CPU
		Release-Net48|Any CPU = Release-Net48|Any CPU
	EndGlobalSection
	GlobalSection(ProjectConfigurationPlatforms) = postSolution
		{BE4A567D-B6E0-413E-8F64-E1A53B4F9366}.Debug|Any CPU.ActiveCfg = Debug-Core31|Any CPU
		{BE4A567D-B6E0-413E-8F64-E1A53B4F9366}.Debug|Any CPU.Build.0 = Debug-Core31|Any CPU
		{BE4A567D-B6E0-413E-8F64-E1A53B4F9366}.Debug-Core30|Any CPU.ActiveCfg = Debug-Core30|Any CPU
		{BE4A567D-B6E0-413E-8F64-E1A53B4F9366}.Debug-Core30|Any CPU.Build.0 = Debug-Core30|Any CPU
		{BE4A567D-B6E0-413E-8F64-E1A53B4F9366}.Debug-Core31|Any CPU.ActiveCfg = Debug-Core31|Any CPU
		{BE4A567D-B6E0-413E-8F64-E1A53B4F9366}.Debug-Core31|Any CPU.Build.0 = Debug-Core31|Any CPU
		{BE4A567D-B6E0-413E-8F64-E1A53B4F9366}.Debug-Net40|Any CPU.ActiveCfg = Debug-Core31|Any CPU
		{BE4A567D-B6E0-413E-8F64-E1A53B4F9366}.Debug-Net45|Any CPU.ActiveCfg = Debug-Core31|Any CPU
		{BE4A567D-B6E0-413E-8F64-E1A53B4F9366}.Debug-Net462|Any CPU.ActiveCfg = Debug-Core31|Any CPU
		{BE4A567D-B6E0-413E-8F64-E1A53B4F9366}.Debug-Net47|Any CPU.ActiveCfg = Debug-Core31|Any CPU
		{BE4A567D-B6E0-413E-8F64-E1A53B4F9366}.Debug-Net48|Any CPU.ActiveCfg = Debug-Core31|Any CPU
		{BE4A567D-B6E0-413E-8F64-E1A53B4F9366}.Release|Any CPU.ActiveCfg = Release-Core31|Any CPU
		{BE4A567D-B6E0-413E-8F64-E1A53B4F9366}.Release|Any CPU.Build.0 = Release-Core31|Any CPU
		{BE4A567D-B6E0-413E-8F64-E1A53B4F9366}.Release-Core30|Any CPU.ActiveCfg = Release-Core30|Any CPU
		{BE4A567D-B6E0-413E-8F64-E1A53B4F9366}.Release-Core30|Any CPU.Build.0 = Release-Core30|Any CPU
		{BE4A567D-B6E0-413E-8F64-E1A53B4F9366}.Release-Core31|Any CPU.ActiveCfg = Release-Core31|Any CPU
		{BE4A567D-B6E0-413E-8F64-E1A53B4F9366}.Release-Core31|Any CPU.Build.0 = Release-Core31|Any CPU
		{BE4A567D-B6E0-413E-8F64-E1A53B4F9366}.Release-Net40|Any CPU.ActiveCfg = Release-Core31|Any CPU
		{BE4A567D-B6E0-413E-8F64-E1A53B4F9366}.Release-Net45|Any CPU.ActiveCfg = Release-Core31|Any CPU
		{BE4A567D-B6E0-413E-8F64-E1A53B4F9366}.Release-Net462|Any CPU.ActiveCfg = Release-Core31|Any CPU
		{BE4A567D-B6E0-413E-8F64-E1A53B4F9366}.Release-Net47|Any CPU.ActiveCfg = Release-Core31|Any CPU
		{BE4A567D-B6E0-413E-8F64-E1A53B4F9366}.Release-Net48|Any CPU.ActiveCfg = Release-Core31|Any CPU
		{D7107690-8592-4F9F-9379-9B82C1C15D2A}.Debug|Any CPU.ActiveCfg = Debug-Core31|Any CPU
		{D7107690-8592-4F9F-9379-9B82C1C15D2A}.Debug|Any CPU.Build.0 = Debug-Core31|Any CPU
		{D7107690-8592-4F9F-9379-9B82C1C15D2A}.Debug-Core30|Any CPU.ActiveCfg = Debug-Core30|Any CPU
		{D7107690-8592-4F9F-9379-9B82C1C15D2A}.Debug-Core30|Any CPU.Build.0 = Debug-Core30|Any CPU
		{D7107690-8592-4F9F-9379-9B82C1C15D2A}.Debug-Core31|Any CPU.ActiveCfg = Debug-Core31|Any CPU
		{D7107690-8592-4F9F-9379-9B82C1C15D2A}.Debug-Core31|Any CPU.Build.0 = Debug-Core31|Any CPU
		{D7107690-8592-4F9F-9379-9B82C1C15D2A}.Debug-Net40|Any CPU.ActiveCfg = Debug-Core31|Any CPU
		{D7107690-8592-4F9F-9379-9B82C1C15D2A}.Debug-Net45|Any CPU.ActiveCfg = Debug-Core31|Any CPU
		{D7107690-8592-4F9F-9379-9B82C1C15D2A}.Debug-Net462|Any CPU.ActiveCfg = Debug-Core31|Any CPU
		{D7107690-8592-4F9F-9379-9B82C1C15D2A}.Debug-Net47|Any CPU.ActiveCfg = Debug-Core31|Any CPU
		{D7107690-8592-4F9F-9379-9B82C1C15D2A}.Debug-Net48|Any CPU.ActiveCfg = Debug-Core31|Any CPU
		{D7107690-8592-4F9F-9379-9B82C1C15D2A}.Release|Any CPU.ActiveCfg = Release-Core31|Any CPU
		{D7107690-8592-4F9F-9379-9B82C1C15D2A}.Release|Any CPU.Build.0 = Release-Core31|Any CPU
		{D7107690-8592-4F9F-9379-9B82C1C15D2A}.Release-Core30|Any CPU.ActiveCfg = Release-Core30|Any CPU
		{D7107690-8592-4F9F-9379-9B82C1C15D2A}.Release-Core30|Any CPU.Build.0 = Release-Core30|Any CPU
		{D7107690-8592-4F9F-9379-9B82C1C15D2A}.Release-Core31|Any CPU.ActiveCfg = Release-Core31|Any CPU
		{D7107690-8592-4F9F-9379-9B82C1C15D2A}.Release-Core31|Any CPU.Build.0 = Release-Core31|Any CPU
		{D7107690-8592-4F9F-9379-9B82C1C15D2A}.Release-Net40|Any CPU.ActiveCfg = Release-Core31|Any CPU
		{D7107690-8592-4F9F-9379-9B82C1C15D2A}.Release-Net45|Any CPU.ActiveCfg = Release-Core31|Any CPU
		{D7107690-8592-4F9F-9379-9B82C1C15D2A}.Release-Net462|Any CPU.ActiveCfg = Release-Core31|Any CPU
		{D7107690-8592-4F9F-9379-9B82C1C15D2A}.Release-Net47|Any CPU.ActiveCfg = Release-Core31|Any CPU
		{D7107690-8592-4F9F-9379-9B82C1C15D2A}.Release-Net48|Any CPU.ActiveCfg = Release-Core31|Any CPU
		{D8A4748C-0500-4F63-BC47-3506658C68F7}.Debug|Any CPU.ActiveCfg = Debug-Net47|Any CPU
		{D8A4748C-0500-4F63-BC47-3506658C68F7}.Debug|Any CPU.Build.0 = Debug-Net47|Any CPU
		{D8A4748C-0500-4F63-BC47-3506658C68F7}.Debug-Core30|Any CPU.ActiveCfg = Debug-Net48|Any CPU
		{D8A4748C-0500-4F63-BC47-3506658C68F7}.Debug-Core30|Any CPU.Build.0 = Debug-Net48|Any CPU
		{D8A4748C-0500-4F63-BC47-3506658C68F7}.Debug-Core31|Any CPU.ActiveCfg = Debug-Net48|Any CPU
		{D8A4748C-0500-4F63-BC47-3506658C68F7}.Debug-Core31|Any CPU.Build.0 = Debug-Net48|Any CPU
		{D8A4748C-0500-4F63-BC47-3506658C68F7}.Debug-Net40|Any CPU.ActiveCfg = Debug-Net40|Any CPU
		{D8A4748C-0500-4F63-BC47-3506658C68F7}.Debug-Net40|Any CPU.Build.0 = Debug-Net40|Any CPU
		{D8A4748C-0500-4F63-BC47-3506658C68F7}.Debug-Net45|Any CPU.ActiveCfg = Debug-Net45|Any CPU
		{D8A4748C-0500-4F63-BC47-3506658C68F7}.Debug-Net45|Any CPU.Build.0 = Debug-Net45|Any CPU
		{D8A4748C-0500-4F63-BC47-3506658C68F7}.Debug-Net462|Any CPU.ActiveCfg = Debug-Net462|Any CPU
		{D8A4748C-0500-4F63-BC47-3506658C68F7}.Debug-Net462|Any CPU.Build.0 = Debug-Net462|Any CPU
		{D8A4748C-0500-4F63-BC47-3506658C68F7}.Debug-Net47|Any CPU.ActiveCfg = Debug-Net47|Any CPU
		{D8A4748C-0500-4F63-BC47-3506658C68F7}.Debug-Net47|Any CPU.Build.0 = Debug-Net47|Any CPU
		{D8A4748C-0500-4F63-BC47-3506658C68F7}.Debug-Net48|Any CPU.ActiveCfg = Debug-Net48|Any CPU
		{D8A4748C-0500-4F63-BC47-3506658C68F7}.Debug-Net48|Any CPU.Build.0 = Debug-Net48|Any CPU
		{D8A4748C-0500-4F63-BC47-3506658C68F7}.Release|Any CPU.ActiveCfg = Release-Net47|Any CPU
		{D8A4748C-0500-4F63-BC47-3506658C68F7}.Release|Any CPU.Build.0 = Release-Net47|Any CPU
		{D8A4748C-0500-4F63-BC47-3506658C68F7}.Release-Core30|Any CPU.ActiveCfg = Release-Net48|Any CPU
		{D8A4748C-0500-4F63-BC47-3506658C68F7}.Release-Core30|Any CPU.Build.0 = Release-Net48|Any CPU
		{D8A4748C-0500-4F63-BC47-3506658C68F7}.Release-Core31|Any CPU.ActiveCfg = Release-Net48|Any CPU
		{D8A4748C-0500-4F63-BC47-3506658C68F7}.Release-Core31|Any CPU.Build.0 = Release-Net48|Any CPU
		{D8A4748C-0500-4F63-BC47-3506658C68F7}.Release-Net40|Any CPU.ActiveCfg = Release-Net40|Any CPU
		{D8A4748C-0500-4F63-BC47-3506658C68F7}.Release-Net40|Any CPU.Build.0 = Release-Net40|Any CPU
		{D8A4748C-0500-4F63-BC47-3506658C68F7}.Release-Net45|Any CPU.ActiveCfg = Release-Net45|Any CPU
		{D8A4748C-0500-4F63-BC47-3506658C68F7}.Release-Net45|Any CPU.Build.0 = Release-Net45|Any CPU
		{D8A4748C-0500-4F63-BC47-3506658C68F7}.Release-Net462|Any CPU.ActiveCfg = Release-Net462|Any CPU
		{D8A4748C-0500-4F63-BC47-3506658C68F7}.Release-Net462|Any CPU.Build.0 = Release-Net462|Any CPU
		{D8A4748C-0500-4F63-BC47-3506658C68F7}.Release-Net47|Any CPU.ActiveCfg = Release-Net47|Any CPU
		{D8A4748C-0500-4F63-BC47-3506658C68F7}.Release-Net47|Any CPU.Build.0 = Release-Net47|Any CPU
		{D8A4748C-0500-4F63-BC47-3506658C68F7}.Release-Net48|Any CPU.ActiveCfg = Release-Net48|Any CPU
		{D8A4748C-0500-4F63-BC47-3506658C68F7}.Release-Net48|Any CPU.Build.0 = Release-Net48|Any CPU
		{0753EE77-CBE9-48D4-B7C3-D7DB8DF9C0DA}.Debug|Any CPU.ActiveCfg = Debug|Any CPU
		{0753EE77-CBE9-48D4-B7C3-D7DB8DF9C0DA}.Debug|Any CPU.Build.0 = Debug|Any CPU
		{0753EE77-CBE9-48D4-B7C3-D7DB8DF9C0DA}.Debug-Core30|Any CPU.ActiveCfg = Debug|Any CPU
		{0753EE77-CBE9-48D4-B7C3-D7DB8DF9C0DA}.Debug-Core30|Any CPU.Build.0 = Debug|Any CPU
		{0753EE77-CBE9-48D4-B7C3-D7DB8DF9C0DA}.Debug-Core31|Any CPU.ActiveCfg = Debug|Any CPU
		{0753EE77-CBE9-48D4-B7C3-D7DB8DF9C0DA}.Debug-Core31|Any CPU.Build.0 = Debug|Any CPU
		{0753EE77-CBE9-48D4-B7C3-D7DB8DF9C0DA}.Debug-Net40|Any CPU.ActiveCfg = Debug|Any CPU
		{0753EE77-CBE9-48D4-B7C3-D7DB8DF9C0DA}.Debug-Net40|Any CPU.Build.0 = Debug|Any CPU
		{0753EE77-CBE9-48D4-B7C3-D7DB8DF9C0DA}.Debug-Net45|Any CPU.ActiveCfg = Debug|Any CPU
		{0753EE77-CBE9-48D4-B7C3-D7DB8DF9C0DA}.Debug-Net45|Any CPU.Build.0 = Debug|Any CPU
		{0753EE77-CBE9-48D4-B7C3-D7DB8DF9C0DA}.Debug-Net462|Any CPU.ActiveCfg = Debug|Any CPU
		{0753EE77-CBE9-48D4-B7C3-D7DB8DF9C0DA}.Debug-Net462|Any CPU.Build.0 = Debug|Any CPU
		{0753EE77-CBE9-48D4-B7C3-D7DB8DF9C0DA}.Debug-Net47|Any CPU.ActiveCfg = Debug|Any CPU
		{0753EE77-CBE9-48D4-B7C3-D7DB8DF9C0DA}.Debug-Net47|Any CPU.Build.0 = Debug|Any CPU
		{0753EE77-CBE9-48D4-B7C3-D7DB8DF9C0DA}.Debug-Net48|Any CPU.ActiveCfg = Debug|Any CPU
		{0753EE77-CBE9-48D4-B7C3-D7DB8DF9C0DA}.Debug-Net48|Any CPU.Build.0 = Debug|Any CPU
		{0753EE77-CBE9-48D4-B7C3-D7DB8DF9C0DA}.Release|Any CPU.ActiveCfg = Release|Any CPU
		{0753EE77-CBE9-48D4-B7C3-D7DB8DF9C0DA}.Release|Any CPU.Build.0 = Release|Any CPU
		{0753EE77-CBE9-48D4-B7C3-D7DB8DF9C0DA}.Release-Core30|Any CPU.ActiveCfg = Release|Any CPU
		{0753EE77-CBE9-48D4-B7C3-D7DB8DF9C0DA}.Release-Core30|Any CPU.Build.0 = Release|Any CPU
		{0753EE77-CBE9-48D4-B7C3-D7DB8DF9C0DA}.Release-Core31|Any CPU.ActiveCfg = Release|Any CPU
		{0753EE77-CBE9-48D4-B7C3-D7DB8DF9C0DA}.Release-Core31|Any CPU.Build.0 = Release|Any CPU
		{0753EE77-CBE9-48D4-B7C3-D7DB8DF9C0DA}.Release-Net40|Any CPU.ActiveCfg = Release|Any CPU
		{0753EE77-CBE9-48D4-B7C3-D7DB8DF9C0DA}.Release-Net40|Any CPU.Build.0 = Release|Any CPU
		{0753EE77-CBE9-48D4-B7C3-D7DB8DF9C0DA}.Release-Net45|Any CPU.ActiveCfg = Release|Any CPU
		{0753EE77-CBE9-48D4-B7C3-D7DB8DF9C0DA}.Release-Net45|Any CPU.Build.0 = Release|Any CPU
		{0753EE77-CBE9-48D4-B7C3-D7DB8DF9C0DA}.Release-Net462|Any CPU.ActiveCfg = Release|Any CPU
		{0753EE77-CBE9-48D4-B7C3-D7DB8DF9C0DA}.Release-Net462|Any CPU.Build.0 = Release|Any CPU
		{0753EE77-CBE9-48D4-B7C3-D7DB8DF9C0DA}.Release-Net47|Any CPU.ActiveCfg = Release|Any CPU
		{0753EE77-CBE9-48D4-B7C3-D7DB8DF9C0DA}.Release-Net47|Any CPU.Build.0 = Release|Any CPU
		{0753EE77-CBE9-48D4-B7C3-D7DB8DF9C0DA}.Release-Net48|Any CPU.ActiveCfg = Release|Any CPU
		{0753EE77-CBE9-48D4-B7C3-D7DB8DF9C0DA}.Release-Net48|Any CPU.Build.0 = Release|Any CPU
		{1DC4102F-4E1F-4869-9253-EF6023BAA074}.Debug|Any CPU.ActiveCfg = Debug|Any CPU
		{1DC4102F-4E1F-4869-9253-EF6023BAA074}.Debug|Any CPU.Build.0 = Debug|Any CPU
		{1DC4102F-4E1F-4869-9253-EF6023BAA074}.Debug-Core30|Any CPU.ActiveCfg = Debug|Any CPU
		{1DC4102F-4E1F-4869-9253-EF6023BAA074}.Debug-Core30|Any CPU.Build.0 = Debug|Any CPU
		{1DC4102F-4E1F-4869-9253-EF6023BAA074}.Debug-Core31|Any CPU.ActiveCfg = Debug|Any CPU
		{1DC4102F-4E1F-4869-9253-EF6023BAA074}.Debug-Core31|Any CPU.Build.0 = Debug|Any CPU
		{1DC4102F-4E1F-4869-9253-EF6023BAA074}.Debug-Net40|Any CPU.ActiveCfg = Debug|Any CPU
		{1DC4102F-4E1F-4869-9253-EF6023BAA074}.Debug-Net40|Any CPU.Build.0 = Debug|Any CPU
		{1DC4102F-4E1F-4869-9253-EF6023BAA074}.Debug-Net45|Any CPU.ActiveCfg = Debug|Any CPU
		{1DC4102F-4E1F-4869-9253-EF6023BAA074}.Debug-Net45|Any CPU.Build.0 = Debug|Any CPU
		{1DC4102F-4E1F-4869-9253-EF6023BAA074}.Debug-Net462|Any CPU.ActiveCfg = Debug|Any CPU
		{1DC4102F-4E1F-4869-9253-EF6023BAA074}.Debug-Net462|Any CPU.Build.0 = Debug|Any CPU
		{1DC4102F-4E1F-4869-9253-EF6023BAA074}.Debug-Net47|Any CPU.ActiveCfg = Debug|Any CPU
		{1DC4102F-4E1F-4869-9253-EF6023BAA074}.Debug-Net47|Any CPU.Build.0 = Debug|Any CPU
		{1DC4102F-4E1F-4869-9253-EF6023BAA074}.Debug-Net48|Any CPU.ActiveCfg = Debug|Any CPU
		{1DC4102F-4E1F-4869-9253-EF6023BAA074}.Debug-Net48|Any CPU.Build.0 = Debug|Any CPU
		{1DC4102F-4E1F-4869-9253-EF6023BAA074}.Release|Any CPU.ActiveCfg = Release|Any CPU
		{1DC4102F-4E1F-4869-9253-EF6023BAA074}.Release|Any CPU.Build.0 = Release|Any CPU
		{1DC4102F-4E1F-4869-9253-EF6023BAA074}.Release-Core30|Any CPU.ActiveCfg = Release|Any CPU
		{1DC4102F-4E1F-4869-9253-EF6023BAA074}.Release-Core30|Any CPU.Build.0 = Release|Any CPU
		{1DC4102F-4E1F-4869-9253-EF6023BAA074}.Release-Core31|Any CPU.ActiveCfg = Release|Any CPU
		{1DC4102F-4E1F-4869-9253-EF6023BAA074}.Release-Core31|Any CPU.Build.0 = Release|Any CPU
		{1DC4102F-4E1F-4869-9253-EF6023BAA074}.Release-Net40|Any CPU.ActiveCfg = Release|Any CPU
		{1DC4102F-4E1F-4869-9253-EF6023BAA074}.Release-Net40|Any CPU.Build.0 = Release|Any CPU
		{1DC4102F-4E1F-4869-9253-EF6023BAA074}.Release-Net45|Any CPU.ActiveCfg = Release|Any CPU
		{1DC4102F-4E1F-4869-9253-EF6023BAA074}.Release-Net45|Any CPU.Build.0 = Release|Any CPU
		{1DC4102F-4E1F-4869-9253-EF6023BAA074}.Release-Net462|Any CPU.ActiveCfg = Release|Any CPU
		{1DC4102F-4E1F-4869-9253-EF6023BAA074}.Release-Net462|Any CPU.Build.0 = Release|Any CPU
		{1DC4102F-4E1F-4869-9253-EF6023BAA074}.Release-Net47|Any CPU.ActiveCfg = Release|Any CPU
		{1DC4102F-4E1F-4869-9253-EF6023BAA074}.Release-Net47|Any CPU.Build.0 = Release|Any CPU
		{1DC4102F-4E1F-4869-9253-EF6023BAA074}.Release-Net48|Any CPU.ActiveCfg = Release|Any CPU
		{1DC4102F-4E1F-4869-9253-EF6023BAA074}.Release-Net48|Any CPU.Build.0 = Release|Any CPU
	EndGlobalSection
	GlobalSection(SolutionProperties) = preSolution
		HideSolutionNode = FALSE
	EndGlobalSection
	GlobalSection(NestedProjects) = preSolution
		{AAC11083-FACA-405D-9197-5C1212D65656} = {0938270D-E9F0-489B-AF9E-5C5AD7C69897}
		{C4694269-C9B8-45D5-87F8-D0088C532510} = {0938270D-E9F0-489B-AF9E-5C5AD7C69897}
		{BE4A567D-B6E0-413E-8F64-E1A53B4F9366} = {B838C973-06F0-48A1-B259-A357AAF2D8D4}
		{D7107690-8592-4F9F-9379-9B82C1C15D2A} = {B838C973-06F0-48A1-B259-A357AAF2D8D4}
		{D8A4748C-0500-4F63-BC47-3506658C68F7} = {0938270D-E9F0-489B-AF9E-5C5AD7C69897}
	EndGlobalSection
	GlobalSection(ExtensibilityGlobals) = postSolution
		SolutionGuid = {D4636382-1A18-4079-A3E7-054DD970F179}
	EndGlobalSection
EndGlobal
